
Microsoft Visual Studio Solution File, Format Version 12.00
# Visual Studio Version 17
VisualStudioVersion = 17.8.34316.72
MinimumVisualStudioVersion = 10.0.40219.1
Project("{FAE04EC0-301F-11D3-BF4B-00C04F79EFBC}") = "MAP_Tema2_Checkers", "MAP_Tema2_Checkers.csproj", "{5C25D6AC-2F81-493D-8FBF-3E7C72ED696B}"
EndProject
Global
	GlobalSection(SolutionConfigurationPlatforms) = preSolution
		Debug|Any CPU = Debug|Any CPU
		Release|Any CPU = Release|Any CPU
	EndGlobalSection
	GlobalSection(ProjectConfigurationPlatforms) = postSolution
		{5C25D6AC-2F81-493D-8FBF-3E7C72ED696B}.Debug|Any CPU.ActiveCfg = Debug|Any CPU
		{5C25D6AC-2F81-493D-8FBF-3E7C72ED696B}.Debug|Any CPU.Build.0 = Debug|Any CPU
		{5C25D6AC-2F81-493D-8FBF-3E7C72ED696B}.Release|Any CPU.ActiveCfg = Release|Any CPU
		{5C25D6AC-2F81-493D-8FBF-3E7C72ED696B}.Release|Any CPU.Build.0 = Release|Any CPU
	EndGlobalSection
	GlobalSection(SolutionProperties) = preSolution
		HideSolutionNode = FALSE
	EndGlobalSection
	GlobalSection(ExtensibilityGlobals) = postSolution
		SolutionGuid = {78E56A31-08A0-4414-9D29-83C7F020CC96}
	EndGlobalSection
EndGlobal
